
Microsoft Visual Studio Solution File, Format Version 12.00
# Visual Studio Version 17
VisualStudioVersion = 17.3.32922.545
MinimumVisualStudioVersion = 10.0.40219.1
Project("{FAE04EC0-301F-11D3-BF4B-00C04F79EFBC}") = "YelpApi", "YelpApi\YelpApi.csproj", "{FA2FC945-3314-4345-BC81-92418A40D4D0}"
EndProject
Global
	GlobalSection(SolutionConfigurationPlatforms) = preSolution
		Debug|Any CPU = Debug|Any CPU
		Release|Any CPU = Release|Any CPU
	EndGlobalSection
	GlobalSection(ProjectConfigurationPlatforms) = postSolution
		{FA2FC945-3314-4345-BC81-92418A40D4D0}.Debug|Any CPU.ActiveCfg = Debug|Any CPU
		{FA2FC945-3314-4345-BC81-92418A40D4D0}.Debug|Any CPU.Build.0 = Debug|Any CPU
		{FA2FC945-3314-4345-BC81-92418A40D4D0}.Release|Any CPU.ActiveCfg = Release|Any CPU
		{FA2FC945-3314-4345-BC81-92418A40D4D0}.Release|Any CPU.Build.0 = Release|Any CPU
	EndGlobalSection
	GlobalSection(SolutionProperties) = preSolution
		HideSolutionNode = FALSE
	EndGlobalSection
	GlobalSection(ExtensibilityGlobals) = postSolution
		SolutionGuid = {2B353AE7-2AC6-4BDD-B1C2-5F1D498A14B6}
	EndGlobalSection
EndGlobal
